
Microsoft Visual Studio Solution File, Format Version 12.00
# Visual Studio 2013
VisualStudioVersion = 12.0.21005.1
MinimumVisualStudioVersion = 10.0.40219.1
Project("{FAE04EC0-301F-11D3-BF4B-00C04F79EFBC}") = "Scrambler", "Scrambler.csproj", "{63317175-A068-49DB-BFF5-227D0464CFBA}"
EndProject
Project("{FAE04EC0-301F-11D3-BF4B-00C04F79EFBC}") = "ScramblerImplementation", "..\ScramblerImplementation\ScramblerImplementation.csproj", "{0E39BF9E-3ABE-4D78-AC24-9D832DF6773A}"
EndProject
Global
	GlobalSection(SolutionConfigurationPlatforms) = preSolution
		Debug|Any CPU = Debug|Any CPU
		Release|Any CPU = Release|Any CPU
	EndGlobalSection
	GlobalSection(ProjectConfigurationPlatforms) = postSolution
		{63317175-A068-49DB-BFF5-227D0464CFBA}.Debug|Any CPU.ActiveCfg = Debug|Any CPU
		{63317175-A068-49DB-BFF5-227D0464CFBA}.Debug|Any CPU.Build.0 = Debug|Any CPU
		{63317175-A068-49DB-BFF5-227D0464CFBA}.Release|Any CPU.ActiveCfg = Release|Any CPU
		{63317175-A068-49DB-BFF5-227D0464CFBA}.Release|Any CPU.Build.0 = Release|Any CPU
		{0E39BF9E-3ABE-4D78-AC24-9D832DF6773A}.Debug|Any CPU.ActiveCfg = Debug|Any CPU
		{0E39BF9E-3ABE-4D78-AC24-9D832DF6773A}.Debug|Any CPU.Build.0 = Debug|Any CPU
		{0E39BF9E-3ABE-4D78-AC24-9D832DF6773A}.Release|Any CPU.ActiveCfg = Release|Any CPU
		{0E39BF9E-3ABE-4D78-AC24-9D832DF6773A}.Release|Any CPU.Build.0 = Release|Any CPU
	EndGlobalSection
	GlobalSection(SolutionProperties) = preSolution
		HideSolutionNode = FALSE
	EndGlobalSection
EndGlobal
